
Microsoft Visual Studio Solution File, Format Version 12.00
# Visual Studio Version 17
VisualStudioVersion = 17.6.33829.357
MinimumVisualStudioVersion = 10.0.40219.1
Project("{FAE04EC0-301F-11D3-BF4B-00C04F79EFBC}") = "CryptoCurrencies", "CryptoCurrencies\CryptoCurrencies.csproj", "{A7313B71-E5FC-4915-A3DA-F0111CCF2A94}"
EndProject
Global
	GlobalSection(SolutionConfigurationPlatforms) = preSolution
		Debug|Any CPU = Debug|Any CPU
		Release|Any CPU = Release|Any CPU
	EndGlobalSection
	GlobalSection(ProjectConfigurationPlatforms) = postSolution
		{A7313B71-E5FC-4915-A3DA-F0111CCF2A94}.Debug|Any CPU.ActiveCfg = Debug|Any CPU
		{A7313B71-E5FC-4915-A3DA-F0111CCF2A94}.Debug|Any CPU.Build.0 = Debug|Any CPU
		{A7313B71-E5FC-4915-A3DA-F0111CCF2A94}.Release|Any CPU.ActiveCfg = Release|Any CPU
		{A7313B71-E5FC-4915-A3DA-F0111CCF2A94}.Release|Any CPU.Build.0 = Release|Any CPU
	EndGlobalSection
	GlobalSection(SolutionProperties) = preSolution
		HideSolutionNode = FALSE
	EndGlobalSection
	GlobalSection(ExtensibilityGlobals) = postSolution
		SolutionGuid = {AA1A211A-5221-4445-9AC6-B62AC8AB6D8C}
	EndGlobalSection
EndGlobal
